// !$*UTF8*$!
{
	archiveVersion = 1;
	classes = {
	};
	objectVersion = 56;
	objects = {

/* Begin PBXBuildFile section */
		E6536DA72CA9BC510019BA5E /* LibraryUserDashboardView.swift in Sources */ = {isa = PBXBuildFile; fileRef = E6536DA62CA9BC510019BA5E /* LibraryUserDashboardView.swift */; };
		E6536DA92CA9BC740019BA5E /* UserTab.swift in Sources */ = {isa = PBXBuildFile; fileRef = E6536DA82CA9BC740019BA5E /* UserTab.swift */; };
		E6536DAB2CA9BCA00019BA5E /* HomeView.swift in Sources */ = {isa = PBXBuildFile; fileRef = E6536DAA2CA9BCA00019BA5E /* HomeView.swift */; };
		E6536DAD2CA9BCBF0019BA5E /* SearchBooksView.swift in Sources */ = {isa = PBXBuildFile; fileRef = E6536DAC2CA9BCBF0019BA5E /* SearchBooksView.swift */; };
		E6536DAF2CA9BCD40019BA5E /* BookDetailView.swift in Sources */ = {isa = PBXBuildFile; fileRef = E6536DAE2CA9BCD40019BA5E /* BookDetailView.swift */; };
		E6536DB12CA9BCEB0019BA5E /* MyBooksView.swift in Sources */ = {isa = PBXBuildFile; fileRef = E6536DB02CA9BCEB0019BA5E /* MyBooksView.swift */; };
		E6536DB32CA9BD240019BA5E /* NotificationsView.swift in Sources */ = {isa = PBXBuildFile; fileRef = E6536DB22CA9BD240019BA5E /* NotificationsView.swift */; };
		E6536DB52CA9BD470019BA5E /* UserAccountView.swift in Sources */ = {isa = PBXBuildFile; fileRef = E6536DB42CA9BD470019BA5E /* UserAccountView.swift */; };
		E6536DB72CA9BD6C0019BA5E /* Book.swift in Sources */ = {isa = PBXBuildFile; fileRef = E6536DB62CA9BD6C0019BA5E /* Book.swift */; };
		E6CF83D52C85AF370069DDBC /* LMS_UserApp.swift in Sources */ = {isa = PBXBuildFile; fileRef = E6CF83D42C85AF370069DDBC /* LMS_UserApp.swift */; };
		E6CF83D72C85AF370069DDBC /* ContentView.swift in Sources */ = {isa = PBXBuildFile; fileRef = E6CF83D62C85AF370069DDBC /* ContentView.swift */; };
		E6CF83D92C85AF390069DDBC /* Assets.xcassets in Resources */ = {isa = PBXBuildFile; fileRef = E6CF83D82C85AF390069DDBC /* Assets.xcassets */; };
		E6CF83DC2C85AF390069DDBC /* Preview Assets.xcassets in Resources */ = {isa = PBXBuildFile; fileRef = E6CF83DB2C85AF390069DDBC /* Preview Assets.xcassets */; };
		E6CF83DE2C85AF390069DDBC /* Persistence.swift in Sources */ = {isa = PBXBuildFile; fileRef = E6CF83DD2C85AF390069DDBC /* Persistence.swift */; };
		E6CF83E12C85AF390069DDBC /* LMS_User.xcdatamodeld in Sources */ = {isa = PBXBuildFile; fileRef = E6CF83DF2C85AF390069DDBC /* LMS_User.xcdatamodeld */; };
/* End PBXBuildFile section */

/* Begin PBXFileReference section */
		E6536DA62CA9BC510019BA5E /* LibraryUserDashboardView.swift */ = {isa = PBXFileReference; lastKnownFileType = sourcecode.swift; path = LibraryUserDashboardView.swift; sourceTree = "<group>"; };
		E6536DA82CA9BC740019BA5E /* UserTab.swift */ = {isa = PBXFileReference; lastKnownFileType = sourcecode.swift; path = UserTab.swift; sourceTree = "<group>"; };
		E6536DAA2CA9BCA00019BA5E /* HomeView.swift */ = {isa = PBXFileReference; lastKnownFileType = sourcecode.swift; path = HomeView.swift; sourceTree = "<group>"; };
		E6536DAC2CA9BCBF0019BA5E /* SearchBooksView.swift */ = {isa = PBXFileReference; lastKnownFileType = sourcecode.swift; path = SearchBooksView.swift; sourceTree = "<group>"; };
		E6536DAE2CA9BCD40019BA5E /* BookDetailView.swift */ = {isa = PBXFileReference; lastKnownFileType = sourcecode.swift; path = BookDetailView.swift; sourceTree = "<group>"; };
		E6536DB02CA9BCEB0019BA5E /* MyBooksView.swift */ = {isa = PBXFileReference; lastKnownFileType = sourcecode.swift; path = MyBooksView.swift; sourceTree = "<group>"; };
		E6536DB22CA9BD240019BA5E /* NotificationsView.swift */ = {isa = PBXFileReference; lastKnownFileType = sourcecode.swift; path = NotificationsView.swift; sourceTree = "<group>"; };
		E6536DB42CA9BD470019BA5E /* UserAccountView.swift */ = {isa = PBXFileReference; lastKnownFileType = sourcecode.swift; path = UserAccountView.swift; sourceTree = "<group>"; };
		E6536DB62CA9BD6C0019BA5E /* Book.swift */ = {isa = PBXFileReference; lastKnownFileType = sourcecode.swift; path = Book.swift; sourceTree = "<group>"; };
		E6CF83D12C85AF370069DDBC /* LMS_User.app */ = {isa = PBXFileReference; explicitFileType = wrapper.application; includeInIndex = 0; path = LMS_User.app; sourceTree = BUILT_PRODUCTS_DIR; };
		E6CF83D42C85AF370069DDBC /* LMS_UserApp.swift */ = {isa = PBXFileReference; lastKnownFileType = sourcecode.swift; path = LMS_UserApp.swift; sourceTree = "<group>"; };
		E6CF83D62C85AF370069DDBC /* ContentView.swift */ = {isa = PBXFileReference; lastKnownFileType = sourcecode.swift; path = ContentView.swift; sourceTree = "<group>"; };
		E6CF83D82C85AF390069DDBC /* Assets.xcassets */ = {isa = PBXFileReference; lastKnownFileType = folder.assetcatalog; path = Assets.xcassets; sourceTree = "<group>"; };
		E6CF83DB2C85AF390069DDBC /* Preview Assets.xcassets */ = {isa = PBXFileReference; lastKnownFileType = folder.assetcatalog; path = "Preview Assets.xcassets"; sourceTree = "<group>"; };
		E6CF83DD2C85AF390069DDBC /* Persistence.swift */ = {isa = PBXFileReference; lastKnownFileType = sourcecode.swift; path = Persistence.swift; sourceTree = "<group>"; };
		E6CF83E02C85AF390069DDBC /* LMS_User.xcdatamodel */ = {isa = PBXFileReference; lastKnownFileType = wrapper.xcdatamodel; path = LMS_User.xcdatamodel; sourceTree = "<group>"; };
/* End PBXFileReference section */

/* Begin PBXFrameworksBuildPhase section */
		E6CF83CE2C85AF370069DDBC /* Frameworks */ = {
			isa = PBXFrameworksBuildPhase;
			buildActionMask = 2147483647;
			files = (
			);
			runOnlyForDeploymentPostprocessing = 0;
		};
/* End PBXFrameworksBuildPhase section */

/* Begin PBXGroup section */
		E6CF83C82C85AF370069DDBC = {
			isa = PBXGroup;
			children = (
				E6CF83D32C85AF370069DDBC /* LMS_User */,
				E6CF83D22C85AF370069DDBC /* Products */,
			);
			sourceTree = "<group>";
		};
		E6CF83D22C85AF370069DDBC /* Products */ = {
			isa = PBXGroup;
			children = (
				E6CF83D12C85AF370069DDBC /* LMS_User.app */,
			);
			name = Products;
			sourceTree = "<group>";
		};
		E6CF83D32C85AF370069DDBC /* LMS_User */ = {
			isa = PBXGroup;
			children = (
				E6CF83D42C85AF370069DDBC /* LMS_UserApp.swift */,
				E6CF83D62C85AF370069DDBC /* ContentView.swift */,
				E6536DA62CA9BC510019BA5E /* LibraryUserDashboardView.swift */,
				E6536DA82CA9BC740019BA5E /* UserTab.swift */,
				E6536DAA2CA9BCA00019BA5E /* HomeView.swift */,
				E6536DAC2CA9BCBF0019BA5E /* SearchBooksView.swift */,
				E6536DAE2CA9BCD40019BA5E /* BookDetailView.swift */,
				E6536DB02CA9BCEB0019BA5E /* MyBooksView.swift */,
				E6536DB22CA9BD240019BA5E /* NotificationsView.swift */,
				E6536DB42CA9BD470019BA5E /* UserAccountView.swift */,
				E6536DB62CA9BD6C0019BA5E /* Book.swift */,
				E6CF83D82C85AF390069DDBC /* Assets.xcassets */,
				E6CF83DD2C85AF390069DDBC /* Persistence.swift */,
				E6CF83DF2C85AF390069DDBC /* LMS_User.xcdatamodeld */,
				E6CF83DA2C85AF390069DDBC /* Preview Content */,
			);
			path = LMS_User;
			sourceTree = "<group>";
		};
		E6CF83DA2C85AF390069DDBC /* Preview Content */ = {
			isa = PBXGroup;
			children = (
				E6CF83DB2C85AF390069DDBC /* Preview Assets.xcassets */,
			);
			path = "Preview Content";
			sourceTree = "<group>";
		};
/* End PBXGroup section */

/* Begin PBXNativeTarget section */
		E6CF83D02C85AF370069DDBC /* LMS_User */ = {
			isa = PBXNativeTarget;
			buildConfigurationList = E6CF83E42C85AF390069DDBC /* Build configuration list for PBXNativeTarget "LMS_User" */;
			buildPhases = (
				E6CF83CD2C85AF370069DDBC /* Sources */,
				E6CF83CE2C85AF370069DDBC /* Frameworks */,
				E6CF83CF2C85AF370069DDBC /* Resources */,
			);
			buildRules = (
			);
			dependencies = (
			);
			name = LMS_User;
			productName = LMS_User;
			productReference = E6CF83D12C85AF370069DDBC /* LMS_User.app */;
			productType = "com.apple.product-type.application";
		};
/* End PBXNativeTarget section */

/* Begin PBXProject section */
		E6CF83C92C85AF370069DDBC /* Project object */ = {
			isa = PBXProject;
			attributes = {
				BuildIndependentTargetsInParallel = 1;
				LastSwiftUpdateCheck = 1540;
				LastUpgradeCheck = 1540;
				TargetAttributes = {
					E6CF83D02C85AF370069DDBC = {
						CreatedOnToolsVersion = 15.4;
					};
				};
			};
			buildConfigurationList = E6CF83CC2C85AF370069DDBC /* Build configuration list for PBXProject "LMS_User" */;
			compatibilityVersion = "Xcode 14.0";
			developmentRegion = en;
			hasScannedForEncodings = 0;
			knownRegions = (
				en,
				Base,
			);
			mainGroup = E6CF83C82C85AF370069DDBC;
			productRefGroup = E6CF83D22C85AF370069DDBC /* Products */;
			projectDirPath = "";
			projectRoot = "";
			targets = (
				E6CF83D02C85AF370069DDBC /* LMS_User */,
			);
		};
/* End PBXProject section */

/* Begin PBXResourcesBuildPhase section */
		E6CF83CF2C85AF370069DDBC /* Resources */ = {
			isa = PBXResourcesBuildPhase;
			buildActionMask = 2147483647;
			files = (
				E6CF83DC2C85AF390069DDBC /* Preview Assets.xcassets in Resources */,
				E6CF83D92C85AF390069DDBC /* Assets.xcassets in Resources */,
			);
			runOnlyForDeploymentPostprocessing = 0;
		};
/* End PBXResourcesBuildPhase section */

/* Begin PBXSourcesBuildPhase section */
		E6CF83CD2C85AF370069DDBC /* Sources */ = {
			isa = PBXSourcesBuildPhase;
			buildActionMask = 2147483647;
			files = (
				E6536DA72CA9BC510019BA5E /* LibraryUserDashboardView.swift in Sources */,
				E6536DB12CA9BCEB0019BA5E /* MyBooksView.swift in Sources */,
				E6536DAB2CA9BCA00019BA5E /* HomeView.swift in Sources */,
				E6536DB52CA9BD470019BA5E /* UserAccountView.swift in Sources */,
				E6536DB32CA9BD240019BA5E /* NotificationsView.swift in Sources */,
				E6CF83DE2C85AF390069DDBC /* Persistence.swift in Sources */,
				E6CF83D72C85AF370069DDBC /* ContentView.swift in Sources */,
				E6536DAF2CA9BCD40019BA5E /* BookDetailView.swift in Sources */,
				E6CF83D52C85AF370069DDBC /* LMS_UserApp.swift in Sources */,
				E6536DA92CA9BC740019BA5E /* UserTab.swift in Sources */,
				E6CF83E12C85AF390069DDBC /* LMS_User.xcdatamodeld in Sources */,
				E6536DB72CA9BD6C0019BA5E /* Book.swift in Sources */,
				E6536DAD2CA9BCBF0019BA5E /* SearchBooksView.swift in Sources */,
			);
			runOnlyForDeploymentPostprocessing = 0;
		};
/* End PBXSourcesBuildPhase section */

/* Begin XCBuildConfiguration section */
		E6CF83E22C85AF390069DDBC /* Debug */ = {
			isa = XCBuildConfiguration;
			buildSettings = {
				ALWAYS_SEARCH_USER_PATHS = NO;
				ASSETCATALOG_COMPILER_GENERATE_SWIFT_ASSET_SYMBOL_EXTENSIONS = YES;
				CLANG_ANALYZER_NONNULL = YES;
				CLANG_ANALYZER_NUMBER_OBJECT_CONVERSION = YES_AGGRESSIVE;
				CLANG_CXX_LANGUAGE_STANDARD = "gnu++20";
				CLANG_ENABLE_MODULES = YES;
				CLANG_ENABLE_OBJC_ARC = YES;
				CLANG_ENABLE_OBJC_WEAK = YES;
				CLANG_WARN_BLOCK_CAPTURE_AUTORELEASING = YES;
				CLANG_WARN_BOOL_CONVERSION = YES;
				CLANG_WARN_COMMA = YES;
				CLANG_WARN_CONSTANT_CONVERSION = YES;
				CLANG_WARN_DEPRECATED_OBJC_IMPLEMENTATIONS = YES;
				CLANG_WARN_DIRECT_OBJC_ISA_USAGE = YES_ERROR;
				CLANG_WARN_DOCUMENTATION_COMMENTS = YES;
				CLANG_WARN_EMPTY_BODY = YES;
				CLANG_WARN_ENUM_CONVERSION = YES;
				CLANG_WARN_INFINITE_RECURSION = YES;
				CLANG_WARN_INT_CONVERSION = YES;
				CLANG_WARN_NON_LITERAL_NULL_CONVERSION = YES;
				CLANG_WARN_OBJC_IMPLICIT_RETAIN_SELF = YES;
				CLANG_WARN_OBJC_LITERAL_CONVERSION = YES;
				CLANG_WARN_OBJC_ROOT_CLASS = YES_ERROR;
				CLANG_WARN_QUOTED_INCLUDE_IN_FRAMEWORK_HEADER = YES;
				CLANG_WARN_RANGE_LOOP_ANALYSIS = YES;
				CLANG_WARN_STRICT_PROTOTYPES = YES;
				CLANG_WARN_SUSPICIOUS_MOVE = YES;
				CLANG_WARN_UNGUARDED_AVAILABILITY = YES_AGGRESSIVE;
				CLANG_WARN_UNREACHABLE_CODE = YES;
				CLANG_WARN__DUPLICATE_METHOD_MATCH = YES;
				COPY_PHASE_STRIP = NO;
				DEBUG_INFORMATION_FORMAT = dwarf;
				ENABLE_STRICT_OBJC_MSGSEND = YES;
				ENABLE_TESTABILITY = YES;
				ENABLE_USER_SCRIPT_SANDBOXING = YES;
				GCC_C_LANGUAGE_STANDARD = gnu17;
				GCC_DYNAMIC_NO_PIC = NO;
				GCC_NO_COMMON_BLOCKS = YES;
				GCC_OPTIMIZATION_LEVEL = 0;
				GCC_PREPROCESSOR_DEFINITIONS = (
					"DEBUG=1",
					"$(inherited)",
				);
				GCC_WARN_64_TO_32_BIT_CONVERSION = YES;
				GCC_WARN_ABOUT_RETURN_TYPE = YES_ERROR;
				GCC_WARN_UNDECLARED_SELECTOR = YES;
				GCC_WARN_UNINITIALIZED_AUTOS = YES_AGGRESSIVE;
				GCC_WARN_UNUSED_FUNCTION = YES;
				GCC_WARN_UNUSED_VARIABLE = YES;
				IPHONEOS_DEPLOYMENT_TARGET = 17.5;
				LOCALIZATION_PREFERS_STRING_CATALOGS = YES;
				MTL_ENABLE_DEBUG_INFO = INCLUDE_SOURCE;
				MTL_FAST_MATH = YES;
				ONLY_ACTIVE_ARCH = YES;
				SDKROOT = iphoneos;
				SWIFT_ACTIVE_COMPILATION_CONDITIONS = "DEBUG $(inherited)";
				SWIFT_OPTIMIZATION_LEVEL = "-Onone";
			};
			name = Debug;
		};
		E6CF83E32C85AF390069DDBC /* Release */ = {
			isa = XCBuildConfiguration;
			buildSettings = {
				ALWAYS_SEARCH_USER_PATHS = NO;
				ASSETCATALOG_COMPILER_GENERATE_SWIFT_ASSET_SYMBOL_EXTENSIONS = YES;
				CLANG_ANALYZER_NONNULL = YES;
				CLANG_ANALYZER_NUMBER_OBJECT_CONVERSION = YES_AGGRESSIVE;
				CLANG_CXX_LANGUAGE_STANDARD = "gnu++20";
				CLANG_ENABLE_MODULES = YES;
				CLANG_ENABLE_OBJC_ARC = YES;
				CLANG_ENABLE_OBJC_WEAK = YES;
				CLANG_WARN_BLOCK_CAPTURE_AUTORELEASING = YES;
				CLANG_WARN_BOOL_CONVERSION = YES;
				CLANG_WARN_COMMA = YES;
				CLANG_WARN_CONSTANT_CONVERSION = YES;
				CLANG_WARN_DEPRECATED_OBJC_IMPLEMENTATIONS = YES;
				CLANG_WARN_DIRECT_OBJC_ISA_USAGE = YES_ERROR;
				CLANG_WARN_DOCUMENTATION_COMMENTS = YES;
				CLANG_WARN_EMPTY_BODY = YES;
				CLANG_WARN_ENUM_CONVERSION = YES;
				CLANG_WARN_INFINITE_RECURSION = YES;
				CLANG_WARN_INT_CONVERSION = YES;
				CLANG_WARN_NON_LITERAL_NULL_CONVERSION = YES;
				CLANG_WARN_OBJC_IMPLICIT_RETAIN_SELF = YES;
				CLANG_WARN_OBJC_LITERAL_CONVERSION = YES;
				CLANG_WARN_OBJC_ROOT_CLASS = YES_ERROR;
				CLANG_WARN_QUOTED_INCLUDE_IN_FRAMEWORK_HEADER = YES;
				CLANG_WARN_RANGE_LOOP_ANALYSIS = YES;
				CLANG_WARN_STRICT_PROTOTYPES = YES;
				CLANG_WARN_SUSPICIOUS_MOVE = YES;
				CLANG_WARN_UNGUARDED_AVAILABILITY = YES_AGGRESSIVE;
				CLANG_WARN_UNREACHABLE_CODE = YES;
				CLANG_WARN__DUPLICATE_METHOD_MATCH = YES;
				COPY_PHASE_STRIP = NO;
				DEBUG_INFORMATION_FORMAT = "dwarf-with-dsym";
				ENABLE_NS_ASSERTIONS = NO;
				ENABLE_STRICT_OBJC_MSGSEND = YES;
				ENABLE_USER_SCRIPT_SANDBOXING = YES;
				GCC_C_LANGUAGE_STANDARD = gnu17;
				GCC_NO_COMMON_BLOCKS = YES;
				GCC_WARN_64_TO_32_BIT_CONVERSION = YES;
				GCC_WARN_ABOUT_RETURN_TYPE = YES_ERROR;
				GCC_WARN_UNDECLARED_SELECTOR = YES;
				GCC_WARN_UNINITIALIZED_AUTOS = YES_AGGRESSIVE;
				GCC_WARN_UNUSED_FUNCTION = YES;
				GCC_WARN_UNUSED_VARIABLE = YES;
				IPHONEOS_DEPLOYMENT_TARGET = 17.5;
				LOCALIZATION_PREFERS_STRING_CATALOGS = YES;
				MTL_ENABLE_DEBUG_INFO = NO;
				MTL_FAST_MATH = YES;
				SDKROOT = iphoneos;
				SWIFT_COMPILATION_MODE = wholemodule;
				VALIDATE_PRODUCT = YES;
			};
			name = Release;
		};
		E6CF83E52C85AF390069DDBC /* Debug */ = {
			isa = XCBuildConfiguration;
			buildSettings = {
				ASSETCATALOG_COMPILER_APPICON_NAME = AppIcon;
				ASSETCATALOG_COMPILER_GLOBAL_ACCENT_COLOR_NAME = AccentColor;
				CODE_SIGN_STYLE = Automatic;
				CURRENT_PROJECT_VERSION = 1;
				DEVELOPMENT_ASSET_PATHS = "\"LMS_User/Preview Content\"";
				DEVELOPMENT_TEAM = M2KM339Y93;
				ENABLE_PREVIEWS = YES;
				GENERATE_INFOPLIST_FILE = YES;
				INFOPLIST_KEY_UIApplicationSceneManifest_Generation = YES;
				INFOPLIST_KEY_UIApplicationSupportsIndirectInputEvents = YES;
				INFOPLIST_KEY_UILaunchScreen_Generation = YES;
				INFOPLIST_KEY_UISupportedInterfaceOrientations_iPad = "UIInterfaceOrientationPortrait UIInterfaceOrientationPortraitUpsideDown UIInterfaceOrientationLandscapeLeft UIInterfaceOrientationLandscapeRight";
				INFOPLIST_KEY_UISupportedInterfaceOrientations_iPhone = "UIInterfaceOrientationPortrait UIInterfaceOrientationLandscapeLeft UIInterfaceOrientationLandscapeRight";
				LD_RUNPATH_SEARCH_PATHS = (
					"$(inherited)",
					"@executable_path/Frameworks",
				);
				MARKETING_VERSION = 1.0;
				PRODUCT_BUNDLE_IDENTIFIER = "com.krsna.LMS-User";
				PRODUCT_NAME = "$(TARGET_NAME)";
				SWIFT_EMIT_LOC_STRINGS = YES;
				SWIFT_VERSION = 5.0;
				TARGETED_DEVICE_FAMILY = "1,2";
			};
			name = Debug;
		};
		E6CF83E62C85AF390069DDBC /* Release */ = {
			isa = XCBuildConfiguration;
			buildSettings = {
				ASSETCATALOG_COMPILER_APPICON_NAME = AppIcon;
				ASSETCATALOG_COMPILER_GLOBAL_ACCENT_COLOR_NAME = AccentColor;
				CODE_SIGN_STYLE = Automatic;
				CURRENT_PROJECT_VERSION = 1;
				DEVELOPMENT_ASSET_PATHS = "\"LMS_User/Preview Content\"";
				DEVELOPMENT_TEAM = M2KM339Y93;
				ENABLE_PREVIEWS = YES;
				GENERATE_INFOPLIST_FILE = YES;
				INFOPLIST_KEY_UIApplicationSceneManifest_Generation = YES;
				INFOPLIST_KEY_UIApplicationSupportsIndirectInputEvents = YES;
				INFOPLIST_KEY_UILaunchScreen_Generation = YES;
				INFOPLIST_KEY_UISupportedInterfaceOrientations_iPad = "UIInterfaceOrientationPortrait UIInterfaceOrientationPortraitUpsideDown UIInterfaceOrientationLandscapeLeft UIInterfaceOrientationLandscapeRight";
				INFOPLIST_KEY_UISupportedInterfaceOrientations_iPhone = "UIInterfaceOrientationPortrait UIInterfaceOrientationLandscapeLeft UIInterfaceOrientationLandscapeRight";
				LD_RUNPATH_SEARCH_PATHS = (
					"$(inherited)",
					"@executable_path/Frameworks",
				);
				MARKETING_VERSION = 1.0;
				PRODUCT_BUNDLE_IDENTIFIER = "com.krsna.LMS-User";
				PRODUCT_NAME = "$(TARGET_NAME)";
				SWIFT_EMIT_LOC_STRINGS = YES;
				SWIFT_VERSION = 5.0;
				TARGETED_DEVICE_FAMILY = "1,2";
			};
			name = Release;
		};
/* End XCBuildConfiguration section */

/* Begin XCConfigurationList section */
		E6CF83CC2C85AF370069DDBC /* Build configuration list for PBXProject "LMS_User" */ = {
			isa = XCConfigurationList;
			buildConfigurations = (
				E6CF83E22C85AF390069DDBC /* Debug */,
				E6CF83E32C85AF390069DDBC /* Release */,
			);
			defaultConfigurationIsVisible = 0;
			defaultConfigurationName = Release;
		};
		E6CF83E42C85AF390069DDBC /* Build configuration list for PBXNativeTarget "LMS_User" */ = {
			isa = XCConfigurationList;
			buildConfigurations = (
				E6CF83E52C85AF390069DDBC /* Debug */,
				E6CF83E62C85AF390069DDBC /* Release */,
			);
			defaultConfigurationIsVisible = 0;
			defaultConfigurationName = Release;
		};
/* End XCConfigurationList section */

/* Begin XCVersionGroup section */
		E6CF83DF2C85AF390069DDBC /* LMS_User.xcdatamodeld */ = {
			isa = XCVersionGroup;
			children = (
				E6CF83E02C85AF390069DDBC /* LMS_User.xcdatamodel */,
			);
			currentVersion = E6CF83E02C85AF390069DDBC /* LMS_User.xcdatamodel */;
			path = LMS_User.xcdatamodeld;
			sourceTree = "<group>";
			versionGroupType = wrapper.xcdatamodel;
		};
/* End XCVersionGroup section */
	};
	rootObject = E6CF83C92C85AF370069DDBC /* Project object */;
}
